
Microsoft Visual Studio Solution File, Format Version 12.00
# Visual Studio Version 17
VisualStudioVersion = 17.8.34227.203
MinimumVisualStudioVersion = 10.0.40219.1
Project("{00D1A9C2-B5F0-4AF3-8072-F6C62B433612}") = "DataAccessDB", "DataAccessDB\DataAccessDB.sqlproj", "{A69BC688-8D66-4890-BB8A-B7BD7481E166}"
EndProject
Project("{FAE04EC0-301F-11D3-BF4B-00C04F79EFBC}") = "DataAccessLibrary", "DataAccessLibrary\DataAccessLibrary.csproj", "{2F92FD14-673B-44B7-81B3-4AC1D6FDED43}"
EndProject
Project("{FAE04EC0-301F-11D3-BF4B-00C04F79EFBC}") = "DataAccessDemo", "DataAccessDemo\DataAccessDemo.csproj", "{1248165E-2E3F-4ABB-9CF2-31CA4D8D13CA}"
EndProject
Global
	GlobalSection(SolutionConfigurationPlatforms) = preSolution
		Debug|Any CPU = Debug|Any CPU
		Release|Any CPU = Release|Any CPU
	EndGlobalSection
	GlobalSection(ProjectConfigurationPlatforms) = postSolution
		{A69BC688-8D66-4890-BB8A-B7BD7481E166}.Debug|Any CPU.ActiveCfg = Debug|Any CPU
		{A69BC688-8D66-4890-BB8A-B7BD7481E166}.Debug|Any CPU.Build.0 = Debug|Any CPU
		{A69BC688-8D66-4890-BB8A-B7BD7481E166}.Debug|Any CPU.Deploy.0 = Debug|Any CPU
		{A69BC688-8D66-4890-BB8A-B7BD7481E166}.Release|Any CPU.ActiveCfg = Release|Any CPU
		{A69BC688-8D66-4890-BB8A-B7BD7481E166}.Release|Any CPU.Build.0 = Release|Any CPU
		{A69BC688-8D66-4890-BB8A-B7BD7481E166}.Release|Any CPU.Deploy.0 = Release|Any CPU
		{2F92FD14-673B-44B7-81B3-4AC1D6FDED43}.Debug|Any CPU.ActiveCfg = Debug|Any CPU
		{2F92FD14-673B-44B7-81B3-4AC1D6FDED43}.Debug|Any CPU.Build.0 = Debug|Any CPU
		{2F92FD14-673B-44B7-81B3-4AC1D6FDED43}.Release|Any CPU.ActiveCfg = Release|Any CPU
		{2F92FD14-673B-44B7-81B3-4AC1D6FDED43}.Release|Any CPU.Build.0 = Release|Any CPU
		{1248165E-2E3F-4ABB-9CF2-31CA4D8D13CA}.Debug|Any CPU.ActiveCfg = Debug|Any CPU
		{1248165E-2E3F-4ABB-9CF2-31CA4D8D13CA}.Debug|Any CPU.Build.0 = Debug|Any CPU
		{1248165E-2E3F-4ABB-9CF2-31CA4D8D13CA}.Release|Any CPU.ActiveCfg = Release|Any CPU
		{1248165E-2E3F-4ABB-9CF2-31CA4D8D13CA}.Release|Any CPU.Build.0 = Release|Any CPU
	EndGlobalSection
	GlobalSection(SolutionProperties) = preSolution
		HideSolutionNode = FALSE
	EndGlobalSection
	GlobalSection(ExtensibilityGlobals) = postSolution
		SolutionGuid = {D840ED23-35CC-45F0-97D2-8B1FD461B6C1}
	EndGlobalSection
EndGlobal
